
Microsoft Visual Studio Solution File, Format Version 12.00
# Visual Studio Version 16
VisualStudioVersion = 16.0.30413.136
MinimumVisualStudioVersion = 10.0.40219.1
Project("{FAE04EC0-301F-11D3-BF4B-00C04F79EFBC}") = "RentCar", "RentCar\RentCar.csproj", "{21C9CCBE-883E-4FB3-BE57-44D9F68E547B}"
EndProject
Global
	GlobalSection(SolutionConfigurationPlatforms) = preSolution
		Debug|Any CPU = Debug|Any CPU
		Release|Any CPU = Release|Any CPU
	EndGlobalSection
	GlobalSection(ProjectConfigurationPlatforms) = postSolution
		{21C9CCBE-883E-4FB3-BE57-44D9F68E547B}.Debug|Any CPU.ActiveCfg = Debug|Any CPU
		{21C9CCBE-883E-4FB3-BE57-44D9F68E547B}.Debug|Any CPU.Build.0 = Debug|Any CPU
		{21C9CCBE-883E-4FB3-BE57-44D9F68E547B}.Release|Any CPU.ActiveCfg = Release|Any CPU
		{21C9CCBE-883E-4FB3-BE57-44D9F68E547B}.Release|Any CPU.Build.0 = Release|Any CPU
	EndGlobalSection
	GlobalSection(SolutionProperties) = preSolution
		HideSolutionNode = FALSE
	EndGlobalSection
	GlobalSection(ExtensibilityGlobals) = postSolution
		SolutionGuid = {42172F79-07F0-412D-9957-2A74FD169B53}
	EndGlobalSection
EndGlobal
